
Microsoft Visual Studio Solution File, Format Version 12.00
# Visual Studio 14
VisualStudioVersion = 14.0.25420.1
MinimumVisualStudioVersion = 10.0.40219.1
Project("{E24C65DC-7377-472B-9ABA-BC803B73C61A}") = "source", "source\", "{E82EC153-F6D0-4B23-A439-FE45408A75D6}"
	ProjectSection(WebsiteProperties) = preProject
		TargetFrameworkMoniker = ".NETFramework,Version%3Dv4.5.2"
		Debug.AspNetCompiler.VirtualPath = "/localhost_5736"
		Debug.AspNetCompiler.PhysicalPath = "source\"
		Debug.AspNetCompiler.TargetPath = "PrecompiledWeb\localhost_5736\"
		Debug.AspNetCompiler.Updateable = "true"
		Debug.AspNetCompiler.ForceOverwrite = "true"
		Debug.AspNetCompiler.FixedNames = "false"
		Debug.AspNetCompiler.Debug = "True"
		Release.AspNetCompiler.VirtualPath = "/localhost_5736"
		Release.AspNetCompiler.PhysicalPath = "source\"
		Release.AspNetCompiler.TargetPath = "PrecompiledWeb\localhost_5736\"
		Release.AspNetCompiler.Updateable = "true"
		Release.AspNetCompiler.ForceOverwrite = "true"
		Release.AspNetCompiler.FixedNames = "false"
		Release.AspNetCompiler.Debug = "False"
		VWDPort = "5736"
		SlnRelativePath = "source\"
	EndProjectSection
EndProject
Project("{E24C65DC-7377-472B-9ABA-BC803B73C61A}") = "Bakalaura_darbs", "..\..\WebSites\Bakalaura_darbs\", "{7DDEFF15-3F1B-4839-8B40-A6361D2FAC31}"
	ProjectSection(WebsiteProperties) = preProject
		TargetFrameworkMoniker = ".NETFramework,Version%3Dv4.5.2"
		Debug.AspNetCompiler.VirtualPath = "/localhost_7896"
		Debug.AspNetCompiler.PhysicalPath = "..\..\WebSites\Bakalaura_darbs\"
		Debug.AspNetCompiler.TargetPath = "PrecompiledWeb\localhost_7896\"
		Debug.AspNetCompiler.Updateable = "true"
		Debug.AspNetCompiler.ForceOverwrite = "true"
		Debug.AspNetCompiler.FixedNames = "false"
		Debug.AspNetCompiler.Debug = "True"
		Release.AspNetCompiler.VirtualPath = "/localhost_7896"
		Release.AspNetCompiler.PhysicalPath = "..\..\WebSites\Bakalaura_darbs\"
		Release.AspNetCompiler.TargetPath = "PrecompiledWeb\localhost_7896\"
		Release.AspNetCompiler.Updateable = "true"
		Release.AspNetCompiler.ForceOverwrite = "true"
		Release.AspNetCompiler.FixedNames = "false"
		Release.AspNetCompiler.Debug = "False"
		VWDPort = "7896"
		SlnRelativePath = "..\..\WebSites\Bakalaura_darbs\"
	EndProjectSection
EndProject
Global
	GlobalSection(SolutionConfigurationPlatforms) = preSolution
		Debug|Any CPU = Debug|Any CPU
	EndGlobalSection
	GlobalSection(ProjectConfigurationPlatforms) = postSolution
		{E82EC153-F6D0-4B23-A439-FE45408A75D6}.Debug|Any CPU.ActiveCfg = Debug|Any CPU
		{E82EC153-F6D0-4B23-A439-FE45408A75D6}.Debug|Any CPU.Build.0 = Debug|Any CPU
		{7DDEFF15-3F1B-4839-8B40-A6361D2FAC31}.Debug|Any CPU.ActiveCfg = Debug|Any CPU
		{7DDEFF15-3F1B-4839-8B40-A6361D2FAC31}.Debug|Any CPU.Build.0 = Debug|Any CPU
	EndGlobalSection
	GlobalSection(SolutionProperties) = preSolution
		HideSolutionNode = FALSE
	EndGlobalSection
EndGlobal
